
Microsoft Visual Studio Solution File, Format Version 12.00
# Visual Studio Version 17
VisualStudioVersion = 17.14.36603.0
MinimumVisualStudioVersion = 10.0.40219.1
Project("{FAE04EC0-301F-11D3-BF4B-00C04F79EFBC}") = "ZakYip.NarrowBeltDiverterSorter.Core", "ZakYip.NarrowBeltDiverterSorter.Core\ZakYip.NarrowBeltDiverterSorter.Core.csproj", "{A0373E96-6FC7-4953-A2F6-F4667B993D02}"
EndProject
Project("{FAE04EC0-301F-11D3-BF4B-00C04F79EFBC}") = "ZakYip.NarrowBeltDiverterSorter.Execution", "ZakYip.NarrowBeltDiverterSorter.Execution\ZakYip.NarrowBeltDiverterSorter.Execution.csproj", "{61C6419F-E703-4090-A535-297F4C7EFE09}"
EndProject
Project("{FAE04EC0-301F-11D3-BF4B-00C04F79EFBC}") = "ZakYip.NarrowBeltDiverterSorter.Ingress", "ZakYip.NarrowBeltDiverterSorter.Ingress\ZakYip.NarrowBeltDiverterSorter.Ingress.csproj", "{EBED8A72-81A8-49AE-A1A7-05BD193A09CE}"
EndProject
EndProject
Project("{FAE04EC0-301F-11D3-BF4B-00C04F79EFBC}") = "ZakYip.NarrowBeltDiverterSorter.Communication", "ZakYip.NarrowBeltDiverterSorter.Communication\ZakYip.NarrowBeltDiverterSorter.Communication.csproj", "{2FE7E4AF-D395-49E9-8C92-064AE676E71C}"
EndProject
Project("{FAE04EC0-301F-11D3-BF4B-00C04F79EFBC}") = "ZakYip.NarrowBeltDiverterSorter.Observability", "ZakYip.NarrowBeltDiverterSorter.Observability\ZakYip.NarrowBeltDiverterSorter.Observability.csproj", "{36F2F583-C470-4B28-8AFE-23CEF8D42888}"
EndProject
Project("{FAE04EC0-301F-11D3-BF4B-00C04F79EFBC}") = "ZakYip.NarrowBeltDiverterSorter.Host", "ZakYip.NarrowBeltDiverterSorter.Host\ZakYip.NarrowBeltDiverterSorter.Host.csproj", "{5D0C2FA3-3247-4E47-AAE6-8E8CC5528A5C}"
EndProject
Project("{FAE04EC0-301F-11D3-BF4B-00C04F79EFBC}") = "ZakYip.NarrowBeltDiverterSorter.Core.Tests", "ZakYip.NarrowBeltDiverterSorter.Core.Tests\ZakYip.NarrowBeltDiverterSorter.Core.Tests.csproj", "{0A1A6708-F198-44AC-A922-1D95D883FD9F}"
EndProject
Project("{FAE04EC0-301F-11D3-BF4B-00C04F79EFBC}") = "ZakYip.NarrowBeltDiverterSorter.Execution.Tests", "ZakYip.NarrowBeltDiverterSorter.Execution.Tests\ZakYip.NarrowBeltDiverterSorter.Execution.Tests.csproj", "{195D227E-1379-452D-B00D-6DAC880E1E3E}"
EndProject
Project("{FAE04EC0-301F-11D3-BF4B-00C04F79EFBC}") = "ZakYip.NarrowBeltDiverterSorter.Ingress.Tests", "ZakYip.NarrowBeltDiverterSorter.Ingress.Tests\ZakYip.NarrowBeltDiverterSorter.Ingress.Tests.csproj", "{9941BB6C-B8C8-4DAA-AB49-4C273B143E09}"
EndProject
Project("{FAE04EC0-301F-11D3-BF4B-00C04F79EFBC}") = "ZakYip.NarrowBeltDiverterSorter.Observability.Tests", "ZakYip.NarrowBeltDiverterSorter.Observability.Tests\ZakYip.NarrowBeltDiverterSorter.Observability.Tests.csproj", "{244FC8DE-1837-4E2D-AC15-E8AB657CA819}"
EndProject
Project("{FAE04EC0-301F-11D3-BF4B-00C04F79EFBC}") = "ZakYip.NarrowBeltDiverterSorter.E2ETests", "ZakYip.NarrowBeltDiverterSorter.E2ETests\ZakYip.NarrowBeltDiverterSorter.E2ETests.csproj", "{5E86F96D-8F69-4BF6-B499-8B9529FC2391}"
EndProject
Project("{FAE04EC0-301F-11D3-BF4B-00C04F79EFBC}") = "ZakYip.NarrowBeltDiverterSorter.UpstreamContracts", "ZakYip.NarrowBeltDiverterSorter.UpstreamContracts\ZakYip.NarrowBeltDiverterSorter.UpstreamContracts.csproj", "{CF6BC91F-778F-4988-B475-07D85DC6F5A7}"
EndProject
EndProject
Project("{FAE04EC0-301F-11D3-BF4B-00C04F79EFBC}") = "ZakYip.NarrowBeltDiverterSorter.Simulation", "ZakYip.NarrowBeltDiverterSorter.Simulation\ZakYip.NarrowBeltDiverterSorter.Simulation.csproj", "{1FEB42B5-1AAA-42E5-9208-6DC0FA45FE93}"
EndProject
Project("{FAE04EC0-301F-11D3-BF4B-00C04F79EFBC}") = "ZakYip.NarrowBeltDiverterSorter.Infrastructure", "ZakYip.NarrowBeltDiverterSorter.Infrastructure\ZakYip.NarrowBeltDiverterSorter.Infrastructure.csproj", "{6FE61298-ECCA-43D8-9C3A-B21F83175AE9}"
EndProject
Project("{FAE04EC0-301F-11D3-BF4B-00C04F79EFBC}") = "ZakYip.NarrowBeltDiverterSorter.Infrastructure.Tests", "ZakYip.NarrowBeltDiverterSorter.Infrastructure.Tests\ZakYip.NarrowBeltDiverterSorter.Infrastructure.Tests.csproj", "{322855B0-67BA-4FE9-AEED-A509F1DC62CA}"
EndProject
Global
	GlobalSection(SolutionConfigurationPlatforms) = preSolution
		Debug|Any CPU = Debug|Any CPU
		Debug|x64 = Debug|x64
		Debug|x86 = Debug|x86
		Release|Any CPU = Release|Any CPU
		Release|x64 = Release|x64
		Release|x86 = Release|x86
	EndGlobalSection
	GlobalSection(ProjectConfigurationPlatforms) = postSolution
		{A0373E96-6FC7-4953-A2F6-F4667B993D02}.Debug|Any CPU.ActiveCfg = Debug|Any CPU
		{A0373E96-6FC7-4953-A2F6-F4667B993D02}.Debug|Any CPU.Build.0 = Debug|Any CPU
		{A0373E96-6FC7-4953-A2F6-F4667B993D02}.Debug|x64.ActiveCfg = Debug|Any CPU
		{A0373E96-6FC7-4953-A2F6-F4667B993D02}.Debug|x64.Build.0 = Debug|Any CPU
		{A0373E96-6FC7-4953-A2F6-F4667B993D02}.Debug|x86.ActiveCfg = Debug|Any CPU
		{A0373E96-6FC7-4953-A2F6-F4667B993D02}.Debug|x86.Build.0 = Debug|Any CPU
		{A0373E96-6FC7-4953-A2F6-F4667B993D02}.Release|Any CPU.ActiveCfg = Release|Any CPU
		{A0373E96-6FC7-4953-A2F6-F4667B993D02}.Release|Any CPU.Build.0 = Release|Any CPU
		{A0373E96-6FC7-4953-A2F6-F4667B993D02}.Release|x64.ActiveCfg = Release|Any CPU
		{A0373E96-6FC7-4953-A2F6-F4667B993D02}.Release|x64.Build.0 = Release|Any CPU
		{A0373E96-6FC7-4953-A2F6-F4667B993D02}.Release|x86.ActiveCfg = Release|Any CPU
		{A0373E96-6FC7-4953-A2F6-F4667B993D02}.Release|x86.Build.0 = Release|Any CPU
		{61C6419F-E703-4090-A535-297F4C7EFE09}.Debug|Any CPU.ActiveCfg = Debug|Any CPU
		{61C6419F-E703-4090-A535-297F4C7EFE09}.Debug|Any CPU.Build.0 = Debug|Any CPU
		{61C6419F-E703-4090-A535-297F4C7EFE09}.Debug|x64.ActiveCfg = Debug|Any CPU
		{61C6419F-E703-4090-A535-297F4C7EFE09}.Debug|x64.Build.0 = Debug|Any CPU
		{61C6419F-E703-4090-A535-297F4C7EFE09}.Debug|x86.ActiveCfg = Debug|Any CPU
		{61C6419F-E703-4090-A535-297F4C7EFE09}.Debug|x86.Build.0 = Debug|Any CPU
		{61C6419F-E703-4090-A535-297F4C7EFE09}.Release|Any CPU.ActiveCfg = Release|Any CPU
		{61C6419F-E703-4090-A535-297F4C7EFE09}.Release|Any CPU.Build.0 = Release|Any CPU
		{61C6419F-E703-4090-A535-297F4C7EFE09}.Release|x64.ActiveCfg = Release|Any CPU
		{61C6419F-E703-4090-A535-297F4C7EFE09}.Release|x64.Build.0 = Release|Any CPU
		{61C6419F-E703-4090-A535-297F4C7EFE09}.Release|x86.ActiveCfg = Release|Any CPU
		{61C6419F-E703-4090-A535-297F4C7EFE09}.Release|x86.Build.0 = Release|Any CPU
		{EBED8A72-81A8-49AE-A1A7-05BD193A09CE}.Debug|Any CPU.ActiveCfg = Debug|Any CPU
		{EBED8A72-81A8-49AE-A1A7-05BD193A09CE}.Debug|Any CPU.Build.0 = Debug|Any CPU
		{EBED8A72-81A8-49AE-A1A7-05BD193A09CE}.Debug|x64.ActiveCfg = Debug|Any CPU
		{EBED8A72-81A8-49AE-A1A7-05BD193A09CE}.Debug|x64.Build.0 = Debug|Any CPU
		{EBED8A72-81A8-49AE-A1A7-05BD193A09CE}.Debug|x86.ActiveCfg = Debug|Any CPU
		{EBED8A72-81A8-49AE-A1A7-05BD193A09CE}.Debug|x86.Build.0 = Debug|Any CPU
		{EBED8A72-81A8-49AE-A1A7-05BD193A09CE}.Release|Any CPU.ActiveCfg = Release|Any CPU
		{EBED8A72-81A8-49AE-A1A7-05BD193A09CE}.Release|Any CPU.Build.0 = Release|Any CPU
		{EBED8A72-81A8-49AE-A1A7-05BD193A09CE}.Release|x64.ActiveCfg = Release|Any CPU
		{EBED8A72-81A8-49AE-A1A7-05BD193A09CE}.Release|x64.Build.0 = Release|Any CPU
		{EBED8A72-81A8-49AE-A1A7-05BD193A09CE}.Release|x86.ActiveCfg = Release|Any CPU
		{EBED8A72-81A8-49AE-A1A7-05BD193A09CE}.Release|x86.Build.0 = Release|Any CPU
		{2FE7E4AF-D395-49E9-8C92-064AE676E71C}.Debug|Any CPU.ActiveCfg = Debug|Any CPU
		{2FE7E4AF-D395-49E9-8C92-064AE676E71C}.Debug|Any CPU.Build.0 = Debug|Any CPU
		{2FE7E4AF-D395-49E9-8C92-064AE676E71C}.Debug|x64.ActiveCfg = Debug|Any CPU
		{2FE7E4AF-D395-49E9-8C92-064AE676E71C}.Debug|x64.Build.0 = Debug|Any CPU
		{2FE7E4AF-D395-49E9-8C92-064AE676E71C}.Debug|x86.ActiveCfg = Debug|Any CPU
		{2FE7E4AF-D395-49E9-8C92-064AE676E71C}.Debug|x86.Build.0 = Debug|Any CPU
		{2FE7E4AF-D395-49E9-8C92-064AE676E71C}.Release|Any CPU.ActiveCfg = Release|Any CPU
		{2FE7E4AF-D395-49E9-8C92-064AE676E71C}.Release|Any CPU.Build.0 = Release|Any CPU
		{2FE7E4AF-D395-49E9-8C92-064AE676E71C}.Release|x64.ActiveCfg = Release|Any CPU
		{2FE7E4AF-D395-49E9-8C92-064AE676E71C}.Release|x64.Build.0 = Release|Any CPU
		{2FE7E4AF-D395-49E9-8C92-064AE676E71C}.Release|x86.ActiveCfg = Release|Any CPU
		{2FE7E4AF-D395-49E9-8C92-064AE676E71C}.Release|x86.Build.0 = Release|Any CPU
		{36F2F583-C470-4B28-8AFE-23CEF8D42888}.Debug|Any CPU.ActiveCfg = Debug|Any CPU
		{36F2F583-C470-4B28-8AFE-23CEF8D42888}.Debug|Any CPU.Build.0 = Debug|Any CPU
		{36F2F583-C470-4B28-8AFE-23CEF8D42888}.Debug|x64.ActiveCfg = Debug|Any CPU
		{36F2F583-C470-4B28-8AFE-23CEF8D42888}.Debug|x64.Build.0 = Debug|Any CPU
		{36F2F583-C470-4B28-8AFE-23CEF8D42888}.Debug|x86.ActiveCfg = Debug|Any CPU
		{36F2F583-C470-4B28-8AFE-23CEF8D42888}.Debug|x86.Build.0 = Debug|Any CPU
		{36F2F583-C470-4B28-8AFE-23CEF8D42888}.Release|Any CPU.ActiveCfg = Release|Any CPU
		{36F2F583-C470-4B28-8AFE-23CEF8D42888}.Release|Any CPU.Build.0 = Release|Any CPU
		{36F2F583-C470-4B28-8AFE-23CEF8D42888}.Release|x64.ActiveCfg = Release|Any CPU
		{36F2F583-C470-4B28-8AFE-23CEF8D42888}.Release|x64.Build.0 = Release|Any CPU
		{36F2F583-C470-4B28-8AFE-23CEF8D42888}.Release|x86.ActiveCfg = Release|Any CPU
		{36F2F583-C470-4B28-8AFE-23CEF8D42888}.Release|x86.Build.0 = Release|Any CPU
		{5D0C2FA3-3247-4E47-AAE6-8E8CC5528A5C}.Debug|Any CPU.ActiveCfg = Debug|Any CPU
		{5D0C2FA3-3247-4E47-AAE6-8E8CC5528A5C}.Debug|Any CPU.Build.0 = Debug|Any CPU
		{5D0C2FA3-3247-4E47-AAE6-8E8CC5528A5C}.Debug|x64.ActiveCfg = Debug|Any CPU
		{5D0C2FA3-3247-4E47-AAE6-8E8CC5528A5C}.Debug|x64.Build.0 = Debug|Any CPU
		{5D0C2FA3-3247-4E47-AAE6-8E8CC5528A5C}.Debug|x86.ActiveCfg = Debug|Any CPU
		{5D0C2FA3-3247-4E47-AAE6-8E8CC5528A5C}.Debug|x86.Build.0 = Debug|Any CPU
		{5D0C2FA3-3247-4E47-AAE6-8E8CC5528A5C}.Release|Any CPU.ActiveCfg = Release|Any CPU
		{5D0C2FA3-3247-4E47-AAE6-8E8CC5528A5C}.Release|Any CPU.Build.0 = Release|Any CPU
		{5D0C2FA3-3247-4E47-AAE6-8E8CC5528A5C}.Release|x64.ActiveCfg = Release|Any CPU
		{5D0C2FA3-3247-4E47-AAE6-8E8CC5528A5C}.Release|x64.Build.0 = Release|Any CPU
		{5D0C2FA3-3247-4E47-AAE6-8E8CC5528A5C}.Release|x86.ActiveCfg = Release|Any CPU
		{5D0C2FA3-3247-4E47-AAE6-8E8CC5528A5C}.Release|x86.Build.0 = Release|Any CPU
		{0A1A6708-F198-44AC-A922-1D95D883FD9F}.Debug|Any CPU.ActiveCfg = Debug|Any CPU
		{0A1A6708-F198-44AC-A922-1D95D883FD9F}.Debug|Any CPU.Build.0 = Debug|Any CPU
		{0A1A6708-F198-44AC-A922-1D95D883FD9F}.Debug|x64.ActiveCfg = Debug|Any CPU
		{0A1A6708-F198-44AC-A922-1D95D883FD9F}.Debug|x64.Build.0 = Debug|Any CPU
		{0A1A6708-F198-44AC-A922-1D95D883FD9F}.Debug|x86.ActiveCfg = Debug|Any CPU
		{0A1A6708-F198-44AC-A922-1D95D883FD9F}.Debug|x86.Build.0 = Debug|Any CPU
		{0A1A6708-F198-44AC-A922-1D95D883FD9F}.Release|Any CPU.ActiveCfg = Release|Any CPU
		{0A1A6708-F198-44AC-A922-1D95D883FD9F}.Release|Any CPU.Build.0 = Release|Any CPU
		{0A1A6708-F198-44AC-A922-1D95D883FD9F}.Release|x64.ActiveCfg = Release|Any CPU
		{0A1A6708-F198-44AC-A922-1D95D883FD9F}.Release|x64.Build.0 = Release|Any CPU
		{0A1A6708-F198-44AC-A922-1D95D883FD9F}.Release|x86.ActiveCfg = Release|Any CPU
		{0A1A6708-F198-44AC-A922-1D95D883FD9F}.Release|x86.Build.0 = Release|Any CPU
		{195D227E-1379-452D-B00D-6DAC880E1E3E}.Debug|Any CPU.ActiveCfg = Debug|Any CPU
		{195D227E-1379-452D-B00D-6DAC880E1E3E}.Debug|Any CPU.Build.0 = Debug|Any CPU
		{195D227E-1379-452D-B00D-6DAC880E1E3E}.Debug|x64.ActiveCfg = Debug|Any CPU
		{195D227E-1379-452D-B00D-6DAC880E1E3E}.Debug|x64.Build.0 = Debug|Any CPU
		{195D227E-1379-452D-B00D-6DAC880E1E3E}.Debug|x86.ActiveCfg = Debug|Any CPU
		{195D227E-1379-452D-B00D-6DAC880E1E3E}.Debug|x86.Build.0 = Debug|Any CPU
		{195D227E-1379-452D-B00D-6DAC880E1E3E}.Release|Any CPU.ActiveCfg = Release|Any CPU
		{195D227E-1379-452D-B00D-6DAC880E1E3E}.Release|Any CPU.Build.0 = Release|Any CPU
		{195D227E-1379-452D-B00D-6DAC880E1E3E}.Release|x64.ActiveCfg = Release|Any CPU
		{195D227E-1379-452D-B00D-6DAC880E1E3E}.Release|x64.Build.0 = Release|Any CPU
		{195D227E-1379-452D-B00D-6DAC880E1E3E}.Release|x86.ActiveCfg = Release|Any CPU
		{195D227E-1379-452D-B00D-6DAC880E1E3E}.Release|x86.Build.0 = Release|Any CPU
		{9941BB6C-B8C8-4DAA-AB49-4C273B143E09}.Debug|Any CPU.ActiveCfg = Debug|Any CPU
		{9941BB6C-B8C8-4DAA-AB49-4C273B143E09}.Debug|Any CPU.Build.0 = Debug|Any CPU
		{9941BB6C-B8C8-4DAA-AB49-4C273B143E09}.Debug|x64.ActiveCfg = Debug|Any CPU
		{9941BB6C-B8C8-4DAA-AB49-4C273B143E09}.Debug|x64.Build.0 = Debug|Any CPU
		{9941BB6C-B8C8-4DAA-AB49-4C273B143E09}.Debug|x86.ActiveCfg = Debug|Any CPU
		{9941BB6C-B8C8-4DAA-AB49-4C273B143E09}.Debug|x86.Build.0 = Debug|Any CPU
		{9941BB6C-B8C8-4DAA-AB49-4C273B143E09}.Release|Any CPU.ActiveCfg = Release|Any CPU
		{9941BB6C-B8C8-4DAA-AB49-4C273B143E09}.Release|Any CPU.Build.0 = Release|Any CPU
		{9941BB6C-B8C8-4DAA-AB49-4C273B143E09}.Release|x64.ActiveCfg = Release|Any CPU
		{9941BB6C-B8C8-4DAA-AB49-4C273B143E09}.Release|x64.Build.0 = Release|Any CPU
		{9941BB6C-B8C8-4DAA-AB49-4C273B143E09}.Release|x86.ActiveCfg = Release|Any CPU
		{9941BB6C-B8C8-4DAA-AB49-4C273B143E09}.Release|x86.Build.0 = Release|Any CPU
		{244FC8DE-1837-4E2D-AC15-E8AB657CA819}.Debug|Any CPU.ActiveCfg = Debug|Any CPU
		{244FC8DE-1837-4E2D-AC15-E8AB657CA819}.Debug|Any CPU.Build.0 = Debug|Any CPU
		{244FC8DE-1837-4E2D-AC15-E8AB657CA819}.Debug|x64.ActiveCfg = Debug|Any CPU
		{244FC8DE-1837-4E2D-AC15-E8AB657CA819}.Debug|x64.Build.0 = Debug|Any CPU
		{244FC8DE-1837-4E2D-AC15-E8AB657CA819}.Debug|x86.ActiveCfg = Debug|Any CPU
		{244FC8DE-1837-4E2D-AC15-E8AB657CA819}.Debug|x86.Build.0 = Debug|Any CPU
		{244FC8DE-1837-4E2D-AC15-E8AB657CA819}.Release|Any CPU.ActiveCfg = Release|Any CPU
		{244FC8DE-1837-4E2D-AC15-E8AB657CA819}.Release|Any CPU.Build.0 = Release|Any CPU
		{244FC8DE-1837-4E2D-AC15-E8AB657CA819}.Release|x64.ActiveCfg = Release|Any CPU
		{244FC8DE-1837-4E2D-AC15-E8AB657CA819}.Release|x64.Build.0 = Release|Any CPU
		{244FC8DE-1837-4E2D-AC15-E8AB657CA819}.Release|x86.ActiveCfg = Release|Any CPU
		{244FC8DE-1837-4E2D-AC15-E8AB657CA819}.Release|x86.Build.0 = Release|Any CPU
		{5E86F96D-8F69-4BF6-B499-8B9529FC2391}.Debug|Any CPU.ActiveCfg = Debug|Any CPU
		{5E86F96D-8F69-4BF6-B499-8B9529FC2391}.Debug|Any CPU.Build.0 = Debug|Any CPU
		{5E86F96D-8F69-4BF6-B499-8B9529FC2391}.Debug|x64.ActiveCfg = Debug|Any CPU
		{5E86F96D-8F69-4BF6-B499-8B9529FC2391}.Debug|x64.Build.0 = Debug|Any CPU
		{5E86F96D-8F69-4BF6-B499-8B9529FC2391}.Debug|x86.ActiveCfg = Debug|Any CPU
		{5E86F96D-8F69-4BF6-B499-8B9529FC2391}.Debug|x86.Build.0 = Debug|Any CPU
		{5E86F96D-8F69-4BF6-B499-8B9529FC2391}.Release|Any CPU.ActiveCfg = Release|Any CPU
		{5E86F96D-8F69-4BF6-B499-8B9529FC2391}.Release|Any CPU.Build.0 = Release|Any CPU
		{5E86F96D-8F69-4BF6-B499-8B9529FC2391}.Release|x64.ActiveCfg = Release|Any CPU
		{5E86F96D-8F69-4BF6-B499-8B9529FC2391}.Release|x64.Build.0 = Release|Any CPU
		{5E86F96D-8F69-4BF6-B499-8B9529FC2391}.Release|x86.ActiveCfg = Release|Any CPU
		{5E86F96D-8F69-4BF6-B499-8B9529FC2391}.Release|x86.Build.0 = Release|Any CPU
		{CF6BC91F-778F-4988-B475-07D85DC6F5A7}.Debug|Any CPU.ActiveCfg = Debug|Any CPU
		{CF6BC91F-778F-4988-B475-07D85DC6F5A7}.Debug|Any CPU.Build.0 = Debug|Any CPU
		{CF6BC91F-778F-4988-B475-07D85DC6F5A7}.Debug|x64.ActiveCfg = Debug|Any CPU
		{CF6BC91F-778F-4988-B475-07D85DC6F5A7}.Debug|x64.Build.0 = Debug|Any CPU
		{CF6BC91F-778F-4988-B475-07D85DC6F5A7}.Debug|x86.ActiveCfg = Debug|Any CPU
		{CF6BC91F-778F-4988-B475-07D85DC6F5A7}.Debug|x86.Build.0 = Debug|Any CPU
		{CF6BC91F-778F-4988-B475-07D85DC6F5A7}.Release|Any CPU.ActiveCfg = Release|Any CPU
		{CF6BC91F-778F-4988-B475-07D85DC6F5A7}.Release|Any CPU.Build.0 = Release|Any CPU
		{CF6BC91F-778F-4988-B475-07D85DC6F5A7}.Release|x64.ActiveCfg = Release|Any CPU
		{CF6BC91F-778F-4988-B475-07D85DC6F5A7}.Release|x64.Build.0 = Release|Any CPU
		{CF6BC91F-778F-4988-B475-07D85DC6F5A7}.Release|x86.ActiveCfg = Release|Any CPU
		{CF6BC91F-778F-4988-B475-07D85DC6F5A7}.Release|x86.Build.0 = Release|Any CPU
		{1FEB42B5-1AAA-42E5-9208-6DC0FA45FE93}.Debug|Any CPU.ActiveCfg = Debug|Any CPU
		{1FEB42B5-1AAA-42E5-9208-6DC0FA45FE93}.Debug|Any CPU.Build.0 = Debug|Any CPU
		{1FEB42B5-1AAA-42E5-9208-6DC0FA45FE93}.Debug|x64.ActiveCfg = Debug|Any CPU
		{1FEB42B5-1AAA-42E5-9208-6DC0FA45FE93}.Debug|x64.Build.0 = Debug|Any CPU
		{1FEB42B5-1AAA-42E5-9208-6DC0FA45FE93}.Debug|x86.ActiveCfg = Debug|Any CPU
		{1FEB42B5-1AAA-42E5-9208-6DC0FA45FE93}.Debug|x86.Build.0 = Debug|Any CPU
		{1FEB42B5-1AAA-42E5-9208-6DC0FA45FE93}.Release|Any CPU.ActiveCfg = Release|Any CPU
		{1FEB42B5-1AAA-42E5-9208-6DC0FA45FE93}.Release|Any CPU.Build.0 = Release|Any CPU
		{1FEB42B5-1AAA-42E5-9208-6DC0FA45FE93}.Release|x64.ActiveCfg = Release|Any CPU
		{1FEB42B5-1AAA-42E5-9208-6DC0FA45FE93}.Release|x64.Build.0 = Release|Any CPU
		{1FEB42B5-1AAA-42E5-9208-6DC0FA45FE93}.Release|x86.ActiveCfg = Release|Any CPU
		{1FEB42B5-1AAA-42E5-9208-6DC0FA45FE93}.Release|x86.Build.0 = Release|Any CPU
		{6FE61298-ECCA-43D8-9C3A-B21F83175AE9}.Debug|Any CPU.ActiveCfg = Debug|Any CPU
		{6FE61298-ECCA-43D8-9C3A-B21F83175AE9}.Debug|Any CPU.Build.0 = Debug|Any CPU
		{6FE61298-ECCA-43D8-9C3A-B21F83175AE9}.Debug|x64.ActiveCfg = Debug|Any CPU
		{6FE61298-ECCA-43D8-9C3A-B21F83175AE9}.Debug|x64.Build.0 = Debug|Any CPU
		{6FE61298-ECCA-43D8-9C3A-B21F83175AE9}.Debug|x86.ActiveCfg = Debug|Any CPU
		{6FE61298-ECCA-43D8-9C3A-B21F83175AE9}.Debug|x86.Build.0 = Debug|Any CPU
		{6FE61298-ECCA-43D8-9C3A-B21F83175AE9}.Release|Any CPU.ActiveCfg = Release|Any CPU
		{6FE61298-ECCA-43D8-9C3A-B21F83175AE9}.Release|Any CPU.Build.0 = Release|Any CPU
		{6FE61298-ECCA-43D8-9C3A-B21F83175AE9}.Release|x64.ActiveCfg = Release|Any CPU
		{6FE61298-ECCA-43D8-9C3A-B21F83175AE9}.Release|x64.Build.0 = Release|Any CPU
		{6FE61298-ECCA-43D8-9C3A-B21F83175AE9}.Release|x86.ActiveCfg = Release|Any CPU
		{6FE61298-ECCA-43D8-9C3A-B21F83175AE9}.Release|x86.Build.0 = Release|Any CPU
		{322855B0-67BA-4FE9-AEED-A509F1DC62CA}.Debug|Any CPU.ActiveCfg = Debug|Any CPU
		{322855B0-67BA-4FE9-AEED-A509F1DC62CA}.Debug|Any CPU.Build.0 = Debug|Any CPU
		{322855B0-67BA-4FE9-AEED-A509F1DC62CA}.Debug|x64.ActiveCfg = Debug|Any CPU
		{322855B0-67BA-4FE9-AEED-A509F1DC62CA}.Debug|x64.Build.0 = Debug|Any CPU
		{322855B0-67BA-4FE9-AEED-A509F1DC62CA}.Debug|x86.ActiveCfg = Debug|Any CPU
		{322855B0-67BA-4FE9-AEED-A509F1DC62CA}.Debug|x86.Build.0 = Debug|Any CPU
		{322855B0-67BA-4FE9-AEED-A509F1DC62CA}.Release|Any CPU.ActiveCfg = Release|Any CPU
		{322855B0-67BA-4FE9-AEED-A509F1DC62CA}.Release|Any CPU.Build.0 = Release|Any CPU
		{322855B0-67BA-4FE9-AEED-A509F1DC62CA}.Release|x64.ActiveCfg = Release|Any CPU
		{322855B0-67BA-4FE9-AEED-A509F1DC62CA}.Release|x64.Build.0 = Release|Any CPU
		{322855B0-67BA-4FE9-AEED-A509F1DC62CA}.Release|x86.ActiveCfg = Release|Any CPU
		{322855B0-67BA-4FE9-AEED-A509F1DC62CA}.Release|x86.Build.0 = Release|Any CPU
	EndGlobalSection
	GlobalSection(SolutionProperties) = preSolution
		HideSolutionNode = FALSE
	EndGlobalSection
	GlobalSection(ExtensibilityGlobals) = postSolution
		SolutionGuid = {8010C375-0998-4941-8AED-3302DB67FECA}
	EndGlobalSection
EndGlobal
