
Microsoft Visual Studio Solution File, Format Version 12.00
# Visual Studio Version 17
VisualStudioVersion = 17.14.36603.0 d17.14
MinimumVisualStudioVersion = 10.0.40219.1
Project("{FAE04EC0-301F-11D3-BF4B-00C04F79EFBC}") = "ZakYip.NarrowBeltDiverterSorter.Core", "ZakYip.NarrowBeltDiverterSorter.Core\ZakYip.NarrowBeltDiverterSorter.Core.csproj", "{A0373E96-6FC7-4953-A2F6-F4667B993D02}"
EndProject
Global
	GlobalSection(SolutionConfigurationPlatforms) = preSolution
		Debug|Any CPU = Debug|Any CPU
		Release|Any CPU = Release|Any CPU
	EndGlobalSection
	GlobalSection(ProjectConfigurationPlatforms) = postSolution
		{A0373E96-6FC7-4953-A2F6-F4667B993D02}.Debug|Any CPU.ActiveCfg = Debug|Any CPU
		{A0373E96-6FC7-4953-A2F6-F4667B993D02}.Debug|Any CPU.Build.0 = Debug|Any CPU
		{A0373E96-6FC7-4953-A2F6-F4667B993D02}.Release|Any CPU.ActiveCfg = Release|Any CPU
		{A0373E96-6FC7-4953-A2F6-F4667B993D02}.Release|Any CPU.Build.0 = Release|Any CPU
	EndGlobalSection
	GlobalSection(SolutionProperties) = preSolution
		HideSolutionNode = FALSE
	EndGlobalSection
	GlobalSection(ExtensibilityGlobals) = postSolution
		SolutionGuid = {8010C375-0998-4941-8AED-3302DB67FECA}
	EndGlobalSection
EndGlobal
